// !$*UTF8*$!
{
	archiveVersion = 1;
	classes = {
	};
	objectVersion = 46;
	objects = {

/* Begin PBXBuildFile section */
		239FBB1C1C024B74002E2E94 /* AppDelegate.swift in Sources */ = {isa = PBXBuildFile; fileRef = 239FBB1B1C024B74002E2E94 /* AppDelegate.swift */; };
		239FBB1E1C024B74002E2E94 /* ViewController.swift in Sources */ = {isa = PBXBuildFile; fileRef = 239FBB1D1C024B74002E2E94 /* ViewController.swift */; };
		239FBB211C024B74002E2E94 /* Main.storyboard in Resources */ = {isa = PBXBuildFile; fileRef = 239FBB1F1C024B74002E2E94 /* Main.storyboard */; };
		239FBB231C024B74002E2E94 /* Assets.xcassets in Resources */ = {isa = PBXBuildFile; fileRef = 239FBB221C024B74002E2E94 /* Assets.xcassets */; };
/* End PBXBuildFile section */

/* Begin PBXFileReference section */
		239FBB181C024B74002E2E94 /* StockHeatMap.app */ = {isa = PBXFileReference; explicitFileType = wrapper.application; includeInIndex = 0; path = StockHeatMap.app; sourceTree = BUILT_PRODUCTS_DIR; };
		239FBB1B1C024B74002E2E94 /* AppDelegate.swift */ = {isa = PBXFileReference; lastKnownFileType = sourcecode.swift; path = AppDelegate.swift; sourceTree = "<group>"; };
		239FBB1D1C024B74002E2E94 /* ViewController.swift */ = {isa = PBXFileReference; lastKnownFileType = sourcecode.swift; path = ViewController.swift; sourceTree = "<group>"; };
		239FBB201C024B74002E2E94 /* Base */ = {isa = PBXFileReference; lastKnownFileType = file.storyboard; name = Base; path = Base.lproj/Main.storyboard; sourceTree = "<group>"; };
		239FBB221C024B74002E2E94 /* Assets.xcassets */ = {isa = PBXFileReference; lastKnownFileType = folder.assetcatalog; path = Assets.xcassets; sourceTree = "<group>"; };
		239FBB241C024B74002E2E94 /* Info.plist */ = {isa = PBXFileReference; lastKnownFileType = text.plist.xml; path = Info.plist; sourceTree = "<group>"; };
/* End PBXFileReference section */

/* Begin PBXFrameworksBuildPhase section */
		239FBB151C024B74002E2E94 /* Frameworks */ = {
			isa = PBXFrameworksBuildPhase;
			buildActionMask = 2147483647;
			files = (
			);
			runOnlyForDeploymentPostprocessing = 0;
		};
/* End PBXFrameworksBuildPhase section */

/* Begin PBXGroup section */
		239FBB0F1C024B74002E2E94 = {
			isa = PBXGroup;
			children = (
				239FBB1A1C024B74002E2E94 /* StockHeatMap */,
				239FBB191C024B74002E2E94 /* Products */,
			);
			sourceTree = "<group>";
		};
		239FBB191C024B74002E2E94 /* Products */ = {
			isa = PBXGroup;
			children = (
				239FBB181C024B74002E2E94 /* StockHeatMap.app */,
			);
			name = Products;
			sourceTree = "<group>";
		};
		239FBB1A1C024B74002E2E94 /* StockHeatMap */ = {
			isa = PBXGroup;
			children = (
				239FBB1B1C024B74002E2E94 /* AppDelegate.swift */,
				239FBB1D1C024B74002E2E94 /* ViewController.swift */,
				239FBB1F1C024B74002E2E94 /* Main.storyboard */,
				239FBB221C024B74002E2E94 /* Assets.xcassets */,
				239FBB241C024B74002E2E94 /* Info.plist */,
			);
			path = StockHeatMap;
			sourceTree = "<group>";
		};
/* End PBXGroup section */

/* Begin PBXNativeTarget section */
		239FBB171C024B74002E2E94 /* StockHeatMap */ = {
			isa = PBXNativeTarget;
			buildConfigurationList = 239FBB271C024B74002E2E94 /* Build configuration list for PBXNativeTarget "StockHeatMap" */;
			buildPhases = (
				239FBB141C024B74002E2E94 /* Sources */,
				239FBB151C024B74002E2E94 /* Frameworks */,
				239FBB161C024B74002E2E94 /* Resources */,
			);
			buildRules = (
			);
			dependencies = (
			);
			name = StockHeatMap;
			productName = StockHeatMap;
			productReference = 239FBB181C024B74002E2E94 /* StockHeatMap.app */;
			productType = "com.apple.product-type.application";
		};
/* End PBXNativeTarget section */

/* Begin PBXProject section */
		239FBB101C024B74002E2E94 /* Project object */ = {
			isa = PBXProject;
			attributes = {
				LastSwiftUpdateCheck = 0710;
				LastUpgradeCheck = 0710;
				ORGANIZATIONNAME = "Jake Schmidt";
				TargetAttributes = {
					239FBB171C024B74002E2E94 = {
						CreatedOnToolsVersion = 7.1.1;
					};
				};
			};
			buildConfigurationList = 239FBB131C024B74002E2E94 /* Build configuration list for PBXProject "StockHeatMap" */;
			compatibilityVersion = "Xcode 3.2";
			developmentRegion = English;
			hasScannedForEncodings = 0;
			knownRegions = (
				en,
				Base,
			);
			mainGroup = 239FBB0F1C024B74002E2E94;
			productRefGroup = 239FBB191C024B74002E2E94 /* Products */;
			projectDirPath = "";
			projectRoot = "";
			targets = (
				239FBB171C024B74002E2E94 /* StockHeatMap */,
			);
		};
/* End PBXProject section */

/* Begin PBXResourcesBuildPhase section */
		239FBB161C024B74002E2E94 /* Resources */ = {
			isa = PBXResourcesBuildPhase;
			buildActionMask = 2147483647;
			files = (
				239FBB231C024B74002E2E94 /* Assets.xcassets in Resources */,
				239FBB211C024B74002E2E94 /* Main.storyboard in Resources */,
			);
			runOnlyForDeploymentPostprocessing = 0;
		};
/* End PBXResourcesBuildPhase section */

/* Begin PBXSourcesBuildPhase section */
		239FBB141C024B74002E2E94 /* Sources */ = {
			isa = PBXSourcesBuildPhase;
			buildActionMask = 2147483647;
			files = (
				239FBB1E1C024B74002E2E94 /* ViewController.swift in Sources */,
				239FBB1C1C024B74002E2E94 /* AppDelegate.swift in Sources */,
			);
			runOnlyForDeploymentPostprocessing = 0;
		};
/* End PBXSourcesBuildPhase section */

/* Begin PBXVariantGroup section */
		239FBB1F1C024B74002E2E94 /* Main.storyboard */ = {
			isa = PBXVariantGroup;
			children = (
				239FBB201C024B74002E2E94 /* Base */,
			);
			name = Main.storyboard;
			sourceTree = "<group>";
		};
/* End PBXVariantGroup section */

/* Begin XCBuildConfiguration section */
		239FBB251C024B74002E2E94 /* Debug */ = {
			isa = XCBuildConfiguration;
			buildSettings = {
				ALWAYS_SEARCH_USER_PATHS = NO;
				CLANG_CXX_LANGUAGE_STANDARD = "gnu++0x";
				CLANG_CXX_LIBRARY = "libc++";
				CLANG_ENABLE_MODULES = YES;
				CLANG_ENABLE_OBJC_ARC = YES;
				CLANG_WARN_BOOL_CONVERSION = YES;
				CLANG_WARN_CONSTANT_CONVERSION = YES;
				CLANG_WARN_DIRECT_OBJC_ISA_USAGE = YES_ERROR;
				CLANG_WARN_EMPTY_BODY = YES;
				CLANG_WARN_ENUM_CONVERSION = YES;
				CLANG_WARN_INT_CONVERSION = YES;
				CLANG_WARN_OBJC_ROOT_CLASS = YES_ERROR;
				CLANG_WARN_UNREACHABLE_CODE = YES;
				CLANG_WARN__DUPLICATE_METHOD_MATCH = YES;
				COPY_PHASE_STRIP = NO;
				DEBUG_INFORMATION_FORMAT = dwarf;
				ENABLE_STRICT_OBJC_MSGSEND = YES;
				ENABLE_TESTABILITY = YES;
				GCC_C_LANGUAGE_STANDARD = gnu99;
				GCC_DYNAMIC_NO_PIC = NO;
				GCC_NO_COMMON_BLOCKS = YES;
				GCC_OPTIMIZATION_LEVEL = 0;
				GCC_PREPROCESSOR_DEFINITIONS = (
					"DEBUG=1",
					"$(inherited)",
				);
				GCC_WARN_64_TO_32_BIT_CONVERSION = YES;
				GCC_WARN_ABOUT_RETURN_TYPE = YES_ERROR;
				GCC_WARN_UNDECLARED_SELECTOR = YES;
				GCC_WARN_UNINITIALIZED_AUTOS = YES_AGGRESSIVE;
				GCC_WARN_UNUSED_FUNCTION = YES;
				GCC_WARN_UNUSED_VARIABLE = YES;
				MTL_ENABLE_DEBUG_INFO = YES;
				ONLY_ACTIVE_ARCH = YES;
				SDKROOT = appletvos;
				SWIFT_OPTIMIZATION_LEVEL = "-Onone";
				TARGETED_DEVICE_FAMILY = 3;
				TVOS_DEPLOYMENT_TARGET = 9.0;
			};
			name = Debug;
		};
		239FBB261C024B74002E2E94 /* Release */ = {
			isa = XCBuildConfiguration;
			buildSettings = {
				ALWAYS_SEARCH_USER_PATHS = NO;
				CLANG_CXX_LANGUAGE_STANDARD = "gnu++0x";
				CLANG_CXX_LIBRARY = "libc++";
				CLANG_ENABLE_MODULES = YES;
				CLANG_ENABLE_OBJC_ARC = YES;
				CLANG_WARN_BOOL_CONVERSION = YES;
				CLANG_WARN_CONSTANT_CONVERSION = YES;
				CLANG_WARN_DIRECT_OBJC_ISA_USAGE = YES_ERROR;
				CLANG_WARN_EMPTY_BODY = YES;
				CLANG_WARN_ENUM_CONVERSION = YES;
				CLANG_WARN_INT_CONVERSION = YES;
				CLANG_WARN_OBJC_ROOT_CLASS = YES_ERROR;
				CLANG_WARN_UNREACHABLE_CODE = YES;
				CLANG_WARN__DUPLICATE_METHOD_MATCH = YES;
				COPY_PHASE_STRIP = NO;
				DEBUG_INFORMATION_FORMAT = "dwarf-with-dsym";
				ENABLE_NS_ASSERTIONS = NO;
				ENABLE_STRICT_OBJC_MSGSEND = YES;
				GCC_C_LANGUAGE_STANDARD = gnu99;
				GCC_NO_COMMON_BLOCKS = YES;
				GCC_WARN_64_TO_32_BIT_CONVERSION = YES;
				GCC_WARN_ABOUT_RETURN_TYPE = YES_ERROR;
				GCC_WARN_UNDECLARED_SELECTOR = YES;
				GCC_WARN_UNINITIALIZED_AUTOS = YES_AGGRESSIVE;
				GCC_WARN_UNUSED_FUNCTION = YES;
				GCC_WARN_UNUSED_VARIABLE = YES;
				MTL_ENABLE_DEBUG_INFO = NO;
				SDKROOT = appletvos;
				TARGETED_DEVICE_FAMILY = 3;
				TVOS_DEPLOYMENT_TARGET = 9.0;
				VALIDATE_PRODUCT = YES;
			};
			name = Release;
		};
		239FBB281C024B74002E2E94 /* Debug */ = {
			isa = XCBuildConfiguration;
			buildSettings = {
				ASSETCATALOG_COMPILER_APPICON_NAME = "App Icon & Top Shelf Image";
				ASSETCATALOG_COMPILER_LAUNCHIMAGE_NAME = LaunchImage;
				INFOPLIST_FILE = StockHeatMap/Info.plist;
				LD_RUNPATH_SEARCH_PATHS = "$(inherited) @executable_path/Frameworks";
				PRODUCT_BUNDLE_IDENTIFIER = JJM.StockHeatMap;
				PRODUCT_NAME = "$(TARGET_NAME)";
			};
			name = Debug;
		};
		239FBB291C024B74002E2E94 /* Release */ = {
			isa = XCBuildConfiguration;
			buildSettings = {
				ASSETCATALOG_COMPILER_APPICON_NAME = "App Icon & Top Shelf Image";
				ASSETCATALOG_COMPILER_LAUNCHIMAGE_NAME = LaunchImage;
				INFOPLIST_FILE = StockHeatMap/Info.plist;
				LD_RUNPATH_SEARCH_PATHS = "$(inherited) @executable_path/Frameworks";
				PRODUCT_BUNDLE_IDENTIFIER = JJM.StockHeatMap;
				PRODUCT_NAME = "$(TARGET_NAME)";
			};
			name = Release;
		};
/* End XCBuildConfiguration section */

/* Begin XCConfigurationList section */
		239FBB131C024B74002E2E94 /* Build configuration list for PBXProject "StockHeatMap" */ = {
			isa = XCConfigurationList;
			buildConfigurations = (
				239FBB251C024B74002E2E94 /* Debug */,
				239FBB261C024B74002E2E94 /* Release */,
			);
			defaultConfigurationIsVisible = 0;
			defaultConfigurationName = Release;
		};
		239FBB271C024B74002E2E94 /* Build configuration list for PBXNativeTarget "StockHeatMap" */ = {
			isa = XCConfigurationList;
			buildConfigurations = (
				239FBB281C024B74002E2E94 /* Debug */,
				239FBB291C024B74002E2E94 /* Release */,
			);
			defaultConfigurationIsVisible = 0;
		};
/* End XCConfigurationList section */
	};
	rootObject = 239FBB101C024B74002E2E94 /* Project object */;
}
